<?xml version="1.0" encoding="utf-8"?>
<Project ToolsVersion="4.0" xmlns="http://schemas.microsoft.com/developer/msbuild/2003">
  <ItemGroup>
    <Filter Include="Source Files">
      <UniqueIdentifier>{4FC737F1-C7A5-4376-A066-2A32D752A2FF}</UniqueIdentifier>
      <Extensions>cpp;c;cc;cxx;def;odl;idl;hpj;bat;asm;asmx</Extensions>
    </Filter>
    <Filter Include="Header Files">
      <UniqueIdentifier>{93995380-89BD-4b04-88EB-625FBE52EBFB}</UniqueIdentifier>
      <Extensions>h;hh;hpp;hxx;hm;inl;inc;xsd</Extensions>
    </Filter>
    <Filter Include="Resource Files">
      <UniqueIdentifier>{67DA6AB6-F800-4c08-8B7A-83BB121AAD01}</UniqueIdentifier>
      <Extensions>rc;ico;cur;bmp;dlg;rc2;rct;bin;rgs;gif;jpg;jpeg;jpe;resx;tiff;tif;png;wav;mfcribbon-ms</Extensions>
    </Filter>
  </ItemGroup>
  <ItemGroup>
    <ClInclude Include="ui\element.h">
      <Filter>Header Files</Filter>
    </ClInclude>
    <ClInclude Include="ui\textrenderer.h">
      <Filter>Header Files</Filter>
    </ClInclude>
    <ClInclude Include="ui\manager.h">
      <Filter>Header Files</Filter>
    </ClInclude>
    <ClInclude Include="ui\panel.h">
      <Filter>Header Files</Filter>
    </ClInclude>
    <ClInclude Include="editors\code\components.h">
      <Filter>Header Files</Filter>
    </ClInclude>
    <ClInclude Include="ui\draw.h">
      <Filter>Header Files</Filter>
    </ClInclude>
    <ClInclude Include="ui\font_family.h">
      <Filter>Header Files</Filter>
    </ClInclude>
    <ClInclude Include="os\windows\font.h">
      <Filter>Header Files</Filter>
    </ClInclude>
    <ClInclude Include="os\windows\misc.h">
      <Filter>Header Files</Filter>
    </ClInclude>
    <ClInclude Include="os\windows\window.h">
      <Filter>Header Files</Filter>
    </ClInclude>
    <ClInclude Include="os\windows\renderer.h">
      <Filter>Header Files</Filter>
    </ClInclude>
    <ClInclude Include="os\windows.h">
      <Filter>Header Files</Filter>
    </ClInclude>
    <ClInclude Include="os\misc.h">
      <Filter>Header Files</Filter>
    </ClInclude>
    <ClInclude Include="os\filesystem.h">
      <Filter>Header Files</Filter>
    </ClInclude>
    <ClInclude Include="editors\code\view.h">
      <Filter>Header Files</Filter>
    </ClInclude>
    <ClInclude Include="os\current\font.h">
      <Filter>Header Files</Filter>
    </ClInclude>
    <ClInclude Include="os\current\window.h">
      <Filter>Header Files</Filter>
    </ClInclude>
    <ClInclude Include="os\current\renderer.h">
      <Filter>Header Files</Filter>
    </ClInclude>
    <ClInclude Include="os\current\misc.h">
      <Filter>Header Files</Filter>
    </ClInclude>
    <ClInclude Include="os\current\all.h">
      <Filter>Header Files</Filter>
    </ClInclude>
    <ClInclude Include="ui\native_commands.h">
      <Filter>Header Files</Filter>
    </ClInclude>
    <ClInclude Include="ui\visual.h">
      <Filter>Header Files</Filter>
    </ClInclude>
    <ClInclude Include="ui\element_classes.h">
      <Filter>Header Files</Filter>
    </ClInclude>
    <ClInclude Include="ui\commands.h">
      <Filter>Header Files</Filter>
    </ClInclude>
    <ClInclude Include="core\bst.h">
      <Filter>Header Files</Filter>
    </ClInclude>
    <ClInclude Include="core\encodings.h">
      <Filter>Header Files</Filter>
    </ClInclude>
    <ClInclude Include="core\event.h">
      <Filter>Header Files</Filter>
    </ClInclude>
    <ClInclude Include="core\misc.h">
      <Filter>Header Files</Filter>
    </ClInclude>
    <ClInclude Include="ui\common_elements.h">
      <Filter>Header Files</Filter>
    </ClInclude>
    <ClInclude Include="os\software_renderer_base.h">
      <Filter>Header Files</Filter>
    </ClInclude>
    <ClInclude Include="os\opengl_renderer_base.h">
      <Filter>Header Files</Filter>
    </ClInclude>
    <ClInclude Include="editors\code\rendering.h">
      <Filter>Header Files</Filter>
    </ClInclude>
    <ClInclude Include="editors\tabs.h">
      <Filter>Header Files</Filter>
    </ClInclude>
    <ClInclude Include="ui\misc.h">
      <Filter>Header Files</Filter>
    </ClInclude>
    <ClInclude Include="ui\arrangements.h">
      <Filter>Header Files</Filter>
    </ClInclude>
    <ClInclude Include="editors\buffer.h">
      <Filter>Header Files</Filter>
    </ClInclude>
    <ClInclude Include="editors\code\interpretation.h">
      <Filter>Header Files</Filter>
    </ClInclude>
    <ClInclude Include="editors\code\linebreak_registry.h">
      <Filter>Header Files</Filter>
    </ClInclude>
    <ClInclude Include="editors\code\theme.h">
      <Filter>Header Files</Filter>
    </ClInclude>
    <ClInclude Include="editors\buffer_manager.h">
      <Filter>Header Files</Filter>
    </ClInclude>
    <ClInclude Include="core\settings.h">
      <Filter>Header Files</Filter>
    </ClInclude>
    <ClInclude Include="core\json.h">
      <Filter>Header Files</Filter>
    </ClInclude>
    <ClInclude Include="apigen_definitions.h">
      <Filter>Header Files</Filter>
    </ClInclude>
    <ClInclude Include="ui\hotkey_registry.h">
      <Filter>Header Files</Filter>
    </ClInclude>
    <ClInclude Include="ui\config_parsers.h">
      <Filter>Header Files</Filter>
    </ClInclude>
    <ClInclude Include="ui\text_rendering.h">
      <Filter>Header Files</Filter>
    </ClInclude>
    <ClInclude Include="os\freetype_font_base.h">
      <Filter>Header Files</Filter>
    </ClInclude>
    <ClInclude Include="ui\font.h">
      <Filter>Header Files</Filter>
    </ClInclude>
    <ClInclude Include="ui\renderer.h">
      <Filter>Header Files</Filter>
    </ClInclude>
    <ClInclude Include="ui\window.h">
      <Filter>Header Files</Filter>
    </ClInclude>
    <ClInclude Include="ui\atlas.h">
      <Filter>Header Files</Filter>
    </ClInclude>
    <ClInclude Include="ui\scheduler.h">
      <Filter>Header Files</Filter>
    </ClInclude>
    <ClInclude Include="editors\binary\contents_region.h">
      <Filter>Header Files</Filter>
    </ClInclude>
    <ClInclude Include="editors\code\contents_region.h">
      <Filter>Header Files</Filter>
    </ClInclude>
    <ClInclude Include="editors\caret_set.h">
      <Filter>Header Files</Filter>
    </ClInclude>
    <ClInclude Include="editors\code\caret_set.h">
      <Filter>Header Files</Filter>
    </ClInclude>
    <ClInclude Include="editors\interaction_modes.h">
      <Filter>Header Files</Filter>
    </ClInclude>
    <ClInclude Include="editors\editor.h">
      <Filter>Header Files</Filter>
    </ClInclude>
    <ClInclude Include="editors\code\view_caching.h">
      <Filter>Header Files</Filter>
    </ClInclude>
  </ItemGroup>
  <ItemGroup>
    <ClCompile Include="main.cpp">
      <Filter>Source Files</Filter>
    </ClCompile>
    <ClCompile Include="os\windows\windows.cpp">
      <Filter>Source Files</Filter>
    </ClCompile>
    <ClCompile Include="ui\manager.cpp">
      <Filter>Source Files</Filter>
    </ClCompile>
    <ClCompile Include="ui\element.cpp">
      <Filter>Source Files</Filter>
    </ClCompile>
    <ClCompile Include="ui\panel.cpp">
      <Filter>Source Files</Filter>
    </ClCompile>
    <ClCompile Include="ui\native_commands.cpp">
      <Filter>Source Files</Filter>
    </ClCompile>
    <ClCompile Include="ui\visual.cpp">
      <Filter>Source Files</Filter>
    </ClCompile>
    <ClCompile Include="core\globals.cpp">
      <Filter>Source Files</Filter>
    </ClCompile>
    <ClCompile Include="ui\common_elements.cpp">
      <Filter>Source Files</Filter>
    </ClCompile>
    <ClCompile Include="os\windows\filesystem.cpp">
      <Filter>Source Files</Filter>
    </ClCompile>
    <ClCompile Include="os\opengl_renderer_base.cpp">
      <Filter>Source Files</Filter>
    </ClCompile>
    <ClCompile Include="os\software_renderer_base.cpp">
      <Filter>Source Files</Filter>
    </ClCompile>
    <ClCompile Include="editors\tabs.cpp">
      <Filter>Source Files</Filter>
    </ClCompile>
    <ClCompile Include="ui\arrangements.cpp">
      <Filter>Source Files</Filter>
    </ClCompile>
    <ClCompile Include="editors\code\caret_set.cpp">
      <Filter>Source Files</Filter>
    </ClCompile>
    <ClCompile Include="editors\buffer.cpp">
      <Filter>Source Files</Filter>
    </ClCompile>
    <ClCompile Include="ui\window.cpp">
      <Filter>Source Files</Filter>
    </ClCompile>
    <ClCompile Include="editors\code\contents_region.cpp">
      <Filter>Source Files</Filter>
    </ClCompile>
    <ClCompile Include="ui\font.cpp">
      <Filter>Source Files</Filter>
    </ClCompile>
  </ItemGroup>
</Project>